// !$*UTF8*$!
{
	archiveVersion = 1;
	classes = {
	};
	objectVersion = 46;
	objects = {

/* Begin PBXBuildFile section */
		C138BE031C5BFE3A0070D987 /* AppDelegate.swift in Sources */ = {isa = PBXBuildFile; fileRef = C138BE021C5BFE3A0070D987 /* AppDelegate.swift */; };
		C138BE051C5BFE3A0070D987 /* ViewController.swift in Sources */ = {isa = PBXBuildFile; fileRef = C138BE041C5BFE3A0070D987 /* ViewController.swift */; };
		C138BE081C5BFE3A0070D987 /* Main.storyboard in Resources */ = {isa = PBXBuildFile; fileRef = C138BE061C5BFE3A0070D987 /* Main.storyboard */; };
		C138BE0A1C5BFE3A0070D987 /* Assets.xcassets in Resources */ = {isa = PBXBuildFile; fileRef = C138BE091C5BFE3A0070D987 /* Assets.xcassets */; };
		C138BE0D1C5BFE3A0070D987 /* LaunchScreen.storyboard in Resources */ = {isa = PBXBuildFile; fileRef = C138BE0B1C5BFE3A0070D987 /* LaunchScreen.storyboard */; };
/* End PBXBuildFile section */

/* Begin PBXFileReference section */
		C138BDFF1C5BFE3A0070D987 /* ejercicioHamburguesas.app */ = {isa = PBXFileReference; explicitFileType = wrapper.application; includeInIndex = 0; path = ejercicioHamburguesas.app; sourceTree = BUILT_PRODUCTS_DIR; };
		C138BE021C5BFE3A0070D987 /* AppDelegate.swift */ = {isa = PBXFileReference; lastKnownFileType = sourcecode.swift; path = AppDelegate.swift; sourceTree = "<group>"; };
		C138BE041C5BFE3A0070D987 /* ViewController.swift */ = {isa = PBXFileReference; lastKnownFileType = sourcecode.swift; path = ViewController.swift; sourceTree = "<group>"; };
		C138BE071C5BFE3A0070D987 /* Base */ = {isa = PBXFileReference; lastKnownFileType = file.storyboard; name = Base; path = Base.lproj/Main.storyboard; sourceTree = "<group>"; };
		C138BE091C5BFE3A0070D987 /* Assets.xcassets */ = {isa = PBXFileReference; lastKnownFileType = folder.assetcatalog; path = Assets.xcassets; sourceTree = "<group>"; };
		C138BE0C1C5BFE3A0070D987 /* Base */ = {isa = PBXFileReference; lastKnownFileType = file.storyboard; name = Base; path = Base.lproj/LaunchScreen.storyboard; sourceTree = "<group>"; };
		C138BE0E1C5BFE3A0070D987 /* Info.plist */ = {isa = PBXFileReference; lastKnownFileType = text.plist.xml; path = Info.plist; sourceTree = "<group>"; };
/* End PBXFileReference section */

/* Begin PBXFrameworksBuildPhase section */
		C138BDFC1C5BFE3A0070D987 /* Frameworks */ = {
			isa = PBXFrameworksBuildPhase;
			buildActionMask = 2147483647;
			files = (
			);
			runOnlyForDeploymentPostprocessing = 0;
		};
/* End PBXFrameworksBuildPhase section */

/* Begin PBXGroup section */
		C138BDF61C5BFE3A0070D987 = {
			isa = PBXGroup;
			children = (
				C138BE011C5BFE3A0070D987 /* ejercicioHamburguesas */,
				C138BE001C5BFE3A0070D987 /* Products */,
			);
			sourceTree = "<group>";
		};
		C138BE001C5BFE3A0070D987 /* Products */ = {
			isa = PBXGroup;
			children = (
				C138BDFF1C5BFE3A0070D987 /* ejercicioHamburguesas.app */,
			);
			name = Products;
			sourceTree = "<group>";
		};
		C138BE011C5BFE3A0070D987 /* ejercicioHamburguesas */ = {
			isa = PBXGroup;
			children = (
				C138BE021C5BFE3A0070D987 /* AppDelegate.swift */,
				C138BE041C5BFE3A0070D987 /* ViewController.swift */,
				C138BE061C5BFE3A0070D987 /* Main.storyboard */,
				C138BE091C5BFE3A0070D987 /* Assets.xcassets */,
				C138BE0B1C5BFE3A0070D987 /* LaunchScreen.storyboard */,
				C138BE0E1C5BFE3A0070D987 /* Info.plist */,
			);
			path = ejercicioHamburguesas;
			sourceTree = "<group>";
		};
/* End PBXGroup section */

/* Begin PBXNativeTarget section */
		C138BDFE1C5BFE3A0070D987 /* ejercicioHamburguesas */ = {
			isa = PBXNativeTarget;
			buildConfigurationList = C138BE111C5BFE3A0070D987 /* Build configuration list for PBXNativeTarget "ejercicioHamburguesas" */;
			buildPhases = (
				C138BDFB1C5BFE3A0070D987 /* Sources */,
				C138BDFC1C5BFE3A0070D987 /* Frameworks */,
				C138BDFD1C5BFE3A0070D987 /* Resources */,
			);
			buildRules = (
			);
			dependencies = (
			);
			name = ejercicioHamburguesas;
			productName = ejercicioHamburguesas;
			productReference = C138BDFF1C5BFE3A0070D987 /* ejercicioHamburguesas.app */;
			productType = "com.apple.product-type.application";
		};
/* End PBXNativeTarget section */

/* Begin PBXProject section */
		C138BDF71C5BFE3A0070D987 /* Project object */ = {
			isa = PBXProject;
			attributes = {
				LastSwiftUpdateCheck = 0720;
				LastUpgradeCheck = 0720;
				ORGANIZATIONNAME = Fer;
				TargetAttributes = {
					C138BDFE1C5BFE3A0070D987 = {
						CreatedOnToolsVersion = 7.2;
					};
				};
			};
			buildConfigurationList = C138BDFA1C5BFE3A0070D987 /* Build configuration list for PBXProject "ejercicioHamburguesas" */;
			compatibilityVersion = "Xcode 3.2";
			developmentRegion = English;
			hasScannedForEncodings = 0;
			knownRegions = (
				en,
				Base,
			);
			mainGroup = C138BDF61C5BFE3A0070D987;
			productRefGroup = C138BE001C5BFE3A0070D987 /* Products */;
			projectDirPath = "";
			projectRoot = "";
			targets = (
				C138BDFE1C5BFE3A0070D987 /* ejercicioHamburguesas */,
			);
		};
/* End PBXProject section */

/* Begin PBXResourcesBuildPhase section */
		C138BDFD1C5BFE3A0070D987 /* Resources */ = {
			isa = PBXResourcesBuildPhase;
			buildActionMask = 2147483647;
			files = (
				C138BE0D1C5BFE3A0070D987 /* LaunchScreen.storyboard in Resources */,
				C138BE0A1C5BFE3A0070D987 /* Assets.xcassets in Resources */,
				C138BE081C5BFE3A0070D987 /* Main.storyboard in Resources */,
			);
			runOnlyForDeploymentPostprocessing = 0;
		};
/* End PBXResourcesBuildPhase section */

/* Begin PBXSourcesBuildPhase section */
		C138BDFB1C5BFE3A0070D987 /* Sources */ = {
			isa = PBXSourcesBuildPhase;
			buildActionMask = 2147483647;
			files = (
				C138BE051C5BFE3A0070D987 /* ViewController.swift in Sources */,
				C138BE031C5BFE3A0070D987 /* AppDelegate.swift in Sources */,
			);
			runOnlyForDeploymentPostprocessing = 0;
		};
/* End PBXSourcesBuildPhase section */

/* Begin PBXVariantGroup section */
		C138BE061C5BFE3A0070D987 /* Main.storyboard */ = {
			isa = PBXVariantGroup;
			children = (
				C138BE071C5BFE3A0070D987 /* Base */,
			);
			name = Main.storyboard;
			sourceTree = "<group>";
		};
		C138BE0B1C5BFE3A0070D987 /* LaunchScreen.storyboard */ = {
			isa = PBXVariantGroup;
			children = (
				C138BE0C1C5BFE3A0070D987 /* Base */,
			);
			name = LaunchScreen.storyboard;
			sourceTree = "<group>";
		};
/* End PBXVariantGroup section */

/* Begin XCBuildConfiguration section */
		C138BE0F1C5BFE3A0070D987 /* Debug */ = {
			isa = XCBuildConfiguration;
			buildSettings = {
				ALWAYS_SEARCH_USER_PATHS = NO;
				CLANG_CXX_LANGUAGE_STANDARD = "gnu++0x";
				CLANG_CXX_LIBRARY = "libc++";
				CLANG_ENABLE_MODULES = YES;
				CLANG_ENABLE_OBJC_ARC = YES;
				CLANG_WARN_BOOL_CONVERSION = YES;
				CLANG_WARN_CONSTANT_CONVERSION = YES;
				CLANG_WARN_DIRECT_OBJC_ISA_USAGE = YES_ERROR;
				CLANG_WARN_EMPTY_BODY = YES;
				CLANG_WARN_ENUM_CONVERSION = YES;
				CLANG_WARN_INT_CONVERSION = YES;
				CLANG_WARN_OBJC_ROOT_CLASS = YES_ERROR;
				CLANG_WARN_UNREACHABLE_CODE = YES;
				CLANG_WARN__DUPLICATE_METHOD_MATCH = YES;
				"CODE_SIGN_IDENTITY[sdk=iphoneos*]" = "iPhone Developer";
				COPY_PHASE_STRIP = NO;
				DEBUG_INFORMATION_FORMAT = dwarf;
				ENABLE_STRICT_OBJC_MSGSEND = YES;
				ENABLE_TESTABILITY = YES;
				GCC_C_LANGUAGE_STANDARD = gnu99;
				GCC_DYNAMIC_NO_PIC = NO;
				GCC_NO_COMMON_BLOCKS = YES;
				GCC_OPTIMIZATION_LEVEL = 0;
				GCC_PREPROCESSOR_DEFINITIONS = (
					"DEBUG=1",
					"$(inherited)",
				);
				GCC_WARN_64_TO_32_BIT_CONVERSION = YES;
				GCC_WARN_ABOUT_RETURN_TYPE = YES_ERROR;
				GCC_WARN_UNDECLARED_SELECTOR = YES;
				GCC_WARN_UNINITIALIZED_AUTOS = YES_AGGRESSIVE;
				GCC_WARN_UNUSED_FUNCTION = YES;
				GCC_WARN_UNUSED_VARIABLE = YES;
				IPHONEOS_DEPLOYMENT_TARGET = 9.2;
				MTL_ENABLE_DEBUG_INFO = YES;
				ONLY_ACTIVE_ARCH = YES;
				SDKROOT = iphoneos;
				SWIFT_OPTIMIZATION_LEVEL = "-Onone";
			};
			name = Debug;
		};
		C138BE101C5BFE3A0070D987 /* Release */ = {
			isa = XCBuildConfiguration;
			buildSettings = {
				ALWAYS_SEARCH_USER_PATHS = NO;
				CLANG_CXX_LANGUAGE_STANDARD = "gnu++0x";
				CLANG_CXX_LIBRARY = "libc++";
				CLANG_ENABLE_MODULES = YES;
				CLANG_ENABLE_OBJC_ARC = YES;
				CLANG_WARN_BOOL_CONVERSION = YES;
				CLANG_WARN_CONSTANT_CONVERSION = YES;
				CLANG_WARN_DIRECT_OBJC_ISA_USAGE = YES_ERROR;
				CLANG_WARN_EMPTY_BODY = YES;
				CLANG_WARN_ENUM_CONVERSION = YES;
				CLANG_WARN_INT_CONVERSION = YES;
				CLANG_WARN_OBJC_ROOT_CLASS = YES_ERROR;
				CLANG_WARN_UNREACHABLE_CODE = YES;
				CLANG_WARN__DUPLICATE_METHOD_MATCH = YES;
				"CODE_SIGN_IDENTITY[sdk=iphoneos*]" = "iPhone Developer";
				COPY_PHASE_STRIP = NO;
				DEBUG_INFORMATION_FORMAT = "dwarf-with-dsym";
				ENABLE_NS_ASSERTIONS = NO;
				ENABLE_STRICT_OBJC_MSGSEND = YES;
				GCC_C_LANGUAGE_STANDARD = gnu99;
				GCC_NO_COMMON_BLOCKS = YES;
				GCC_WARN_64_TO_32_BIT_CONVERSION = YES;
				GCC_WARN_ABOUT_RETURN_TYPE = YES_ERROR;
				GCC_WARN_UNDECLARED_SELECTOR = YES;
				GCC_WARN_UNINITIALIZED_AUTOS = YES_AGGRESSIVE;
				GCC_WARN_UNUSED_FUNCTION = YES;
				GCC_WARN_UNUSED_VARIABLE = YES;
				IPHONEOS_DEPLOYMENT_TARGET = 9.2;
				MTL_ENABLE_DEBUG_INFO = NO;
				SDKROOT = iphoneos;
				VALIDATE_PRODUCT = YES;
			};
			name = Release;
		};
		C138BE121C5BFE3A0070D987 /* Debug */ = {
			isa = XCBuildConfiguration;
			buildSettings = {
				ASSETCATALOG_COMPILER_APPICON_NAME = AppIcon;
				INFOPLIST_FILE = ejercicioHamburguesas/Info.plist;
				LD_RUNPATH_SEARCH_PATHS = "$(inherited) @executable_path/Frameworks";
				PRODUCT_BUNDLE_IDENTIFIER = cursoSwift.ejercicioHamburguesas;
				PRODUCT_NAME = "$(TARGET_NAME)";
			};
			name = Debug;
		};
		C138BE131C5BFE3A0070D987 /* Release */ = {
			isa = XCBuildConfiguration;
			buildSettings = {
				ASSETCATALOG_COMPILER_APPICON_NAME = AppIcon;
				INFOPLIST_FILE = ejercicioHamburguesas/Info.plist;
				LD_RUNPATH_SEARCH_PATHS = "$(inherited) @executable_path/Frameworks";
				PRODUCT_BUNDLE_IDENTIFIER = cursoSwift.ejercicioHamburguesas;
				PRODUCT_NAME = "$(TARGET_NAME)";
			};
			name = Release;
		};
/* End XCBuildConfiguration section */

/* Begin XCConfigurationList section */
		C138BDFA1C5BFE3A0070D987 /* Build configuration list for PBXProject "ejercicioHamburguesas" */ = {
			isa = XCConfigurationList;
			buildConfigurations = (
				C138BE0F1C5BFE3A0070D987 /* Debug */,
				C138BE101C5BFE3A0070D987 /* Release */,
			);
			defaultConfigurationIsVisible = 0;
			defaultConfigurationName = Release;
		};
		C138BE111C5BFE3A0070D987 /* Build configuration list for PBXNativeTarget "ejercicioHamburguesas" */ = {
			isa = XCConfigurationList;
			buildConfigurations = (
				C138BE121C5BFE3A0070D987 /* Debug */,
				C138BE131C5BFE3A0070D987 /* Release */,
			);
			defaultConfigurationIsVisible = 0;
		};
/* End XCConfigurationList section */
	};
	rootObject = C138BDF71C5BFE3A0070D987 /* Project object */;
}
